{
  "nodes": {
    "devenv": {
      "locked": {
        "dir": "src/modules",
        "lastModified": 1764877862,
        "owner": "cachix",
        "repo": "devenv",
        "rev": "5b6cb65d7dec827badc6bbceeac934931beb7f4e",
        "type": "github"
      },
      "original": {
        "dir": "src/modules",
        "owner": "cachix",
        "repo": "devenv",
        "type": "github"
      }
    },
    "flake-compat": {
      "flake": false,
      "locked": {
        "lastModified": 1764712249,
        "owner": "edolstra",
        "repo": "flake-compat",
        "rev": "3b279e4317ccfa4865356387935310531357d919",
        "type": "github"
      },
      "original": {
        "owner": "edolstra",
        "repo": "flake-compat",
        "type": "github"
      }
    },
    "git-hooks": {
      "inputs": {
        "flake-compat": "flake-compat",
        "gitignore": "gitignore",
        "nixpkgs": [
          "nixpkgs"
        ]
      },
      "locked": {
        "lastModified": 1763988335,
        "owner": "cachix",
        "repo": "git-hooks.nix",
        "rev": "50b9238891e388c9fdc6a5c49e49c42533a1b5ce",
        "type": "github"
      },
      "original": {
        "owner": "cachix",
        "repo": "git-hooks.nix",
        "type": "github"
      }
    },
    "gitignore": {
      "inputs": {
        "nixpkgs": [
          "git-hooks",
          "nixpkgs"
        ]
      },
      "locked": {
        "lastModified": 1762808025,
        "owner": "hercules-ci",
        "repo": "gitignore.nix",
        "rev": "cb5e3fdca1de58ccbc3ef53de65bd372b48f567c",
        "type": "github"
      },
      "original": {
        "owner": "hercules-ci",
        "repo": "gitignore.nix",
        "type": "github"
      }
    },
    "nixpkgs": {
      "locked": {
        "lastModified": 1764794580,
        "narHash": "sha256-UMVihg0OQ980YqmOAPz+zkuCEb9hpE5Xj2v+ZGNjQ+M=",
        "rev": "ebc94f855ef25347c314258c10393a92794e7ab9",
        "revCount": 906210,
        "type": "tarball",
        "url": "https://api.flakehub.com/f/pinned/JHOFER-Cloud/NixOS-nixpkgs/0.1.906210%2Brev-ebc94f855ef25347c314258c10393a92794e7ab9/019ae7de-fad4-7505-bb97-274ce21b6301/source.tar.gz"
      },
      "original": {
        "type": "tarball",
        "url": "https://flakehub.com/f/JHOFER-Cloud/NixOS-nixpkgs/0.1.tar.gz"
      }
    },
    "root": {
      "inputs": {
        "devenv": "devenv",
        "git-hooks": "git-hooks",
        "nixpkgs": "nixpkgs",
        "pre-commit-hooks": [
          "git-hooks"
        ]
      }
    }
  },
  "root": "root",
  "version": 7
}
